// !$*UTF8*$!
{
	archiveVersion = 1;
	classes = {
	};
	objectVersion = 46;
	objects = {

/* Begin PBXBuildFile section */
		4AC175791C9B9E9800005FE7 /* Xcproj.m in Sources */ = {isa = PBXBuildFile; fileRef = 4A33ADEE1C768EC900AA5AD2 /* Xcproj.m */; };
		4AC1757A1C9B9E9C00005FE7 /* XCDUndocumentedChecker.m in Sources */ = {isa = PBXBuildFile; fileRef = DAFF25CB1303ECB100584E0E /* XCDUndocumentedChecker.m */; };
		4AC1757B1C9B9E9F00005FE7 /* XMLPlistDecoder.m in Sources */ = {isa = PBXBuildFile; fileRef = C215308519DBE040002524A7 /* XMLPlistDecoder.m */; };
		4AC1757D1C9B9FA000005FE7 /* libxcproj.a in Frameworks */ = {isa = PBXBuildFile; fileRef = 4AC175701C9B9D9300005FE7 /* libxcproj.a */; };
		4AC175821C9BA09800005FE7 /* Xcproj.h in Umbrella Header */ = {isa = PBXBuildFile; fileRef = 4A33ADED1C768EC900AA5AD2 /* Xcproj.h */; };
		4AC175841C9BA0EA00005FE7 /* DevToolsCore.h in DevToolsCore Headers */ = {isa = PBXBuildFile; fileRef = DA8CA0041302B0D9008B3560 /* DevToolsCore.h */; };
		4AC175851C9BA0EA00005FE7 /* PBXBuildFile.h in DevToolsCore Headers */ = {isa = PBXBuildFile; fileRef = DA8CA0301302B27C008B3560 /* PBXBuildFile.h */; };
		4AC175861C9BA0EA00005FE7 /* PBXBuildPhase.h in DevToolsCore Headers */ = {isa = PBXBuildFile; fileRef = DA8C9FFC1302AF93008B3560 /* PBXBuildPhase.h */; };
		4AC175871C9BA0EA00005FE7 /* PBXBuildStyle.h in DevToolsCore Headers */ = {isa = PBXBuildFile; fileRef = C20F5C171A93505D004ADE6B /* PBXBuildStyle.h */; };
		4AC175881C9BA0EA00005FE7 /* PBXContainer.h in DevToolsCore Headers */ = {isa = PBXBuildFile; fileRef = DA7A018E134F015F00F89E9B /* PBXContainer.h */; };
		4AC175891C9BA0EA00005FE7 /* PBXFileReference.h in DevToolsCore Headers */ = {isa = PBXBuildFile; fileRef = DA7A08AD134F4C1600F89E9B /* PBXFileReference.h */; };
		4AC1758A1C9BA0EA00005FE7 /* PBXGroup.h in DevToolsCore Headers */ = {isa = PBXBuildFile; fileRef = DA7A018F134F01DE00F89E9B /* PBXGroup.h */; };
		4AC1758B1C9BA0EA00005FE7 /* PBXProject.h in DevToolsCore Headers */ = {isa = PBXBuildFile; fileRef = DA8C9FFD1302AF93008B3560 /* PBXProject.h */; };
		4AC1758C1C9BA0EA00005FE7 /* PBXReference.h in DevToolsCore Headers */ = {isa = PBXBuildFile; fileRef = DA7A0218134F06FF00F89E9B /* PBXReference.h */; };
		4AC1758D1C9BA0EA00005FE7 /* PBXTarget.h in DevToolsCore Headers */ = {isa = PBXBuildFile; fileRef = DA8C9FFE1302AF93008B3560 /* PBXTarget.h */; };
		4AC1758E1C9BA0EA00005FE7 /* XCBuildConfiguration.h in DevToolsCore Headers */ = {isa = PBXBuildFile; fileRef = DA7A0D4F135304F000F89E9B /* XCBuildConfiguration.h */; };
		4AC1758F1C9BA0EA00005FE7 /* XCConfigurationList.h in DevToolsCore Headers */ = {isa = PBXBuildFile; fileRef = DAF6DA9515076749002AFA90 /* XCConfigurationList.h */; };
		4AC175911C9BA11200005FE7 /* IDEBuildParameters.h in IDEFoundation Headers */ = {isa = PBXBuildFile; fileRef = C20F5C151A92A57A004ADE6B /* IDEBuildParameters.h */; };
		4AC175921C9BA11200005FE7 /* IDEFoundation.h in IDEFoundation Headers */ = {isa = PBXBuildFile; fileRef = C20F5C161A92A5F4004ADE6B /* IDEFoundation.h */; };
		8DD76F9A0486AA7600D96B5E /* main.m in Sources */ = {isa = PBXBuildFile; fileRef = 08FB7796FE84155DC02AAC07 /* main.m */; settings = {ATTRIBUTES = (); }; };
		8DD76F9C0486AA7600D96B5E /* Foundation.framework in Frameworks */ = {isa = PBXBuildFile; fileRef = 08FB779EFE84155DC02AAC07 /* Foundation.framework */; };
		C269E98D17B3DCCC0099A0C5 /* dd_getopt_long-fbsd.m in Sources */ = {isa = PBXBuildFile; fileRef = C269E98317B3DCCC0099A0C5 /* dd_getopt_long-fbsd.m */; settings = {COMPILER_FLAGS = "-fno-objc-arc"; }; };
		C269E98E17B3DCCC0099A0C5 /* DDCliApplication.m in Sources */ = {isa = PBXBuildFile; fileRef = C269E98517B3DCCC0099A0C5 /* DDCliApplication.m */; settings = {COMPILER_FLAGS = "-fno-objc-arc"; }; };
		C269E98F17B3DCCC0099A0C5 /* DDCliParseException.m in Sources */ = {isa = PBXBuildFile; fileRef = C269E98717B3DCCC0099A0C5 /* DDCliParseException.m */; settings = {COMPILER_FLAGS = "-fno-objc-arc"; }; };
		C269E99017B3DCCC0099A0C5 /* DDCliUtil.m in Sources */ = {isa = PBXBuildFile; fileRef = C269E98917B3DCCC0099A0C5 /* DDCliUtil.m */; settings = {COMPILER_FLAGS = "-fno-objc-arc"; }; };
		C269E99117B3DCCC0099A0C5 /* DDGetoptLongParser.m in Sources */ = {isa = PBXBuildFile; fileRef = C269E98C17B3DCCC0099A0C5 /* DDGetoptLongParser.m */; settings = {COMPILER_FLAGS = "-fno-objc-arc"; }; };
		C2CDDAD819E1D89E00DD1CBA /* AppKit.framework in Frameworks */ = {isa = PBXBuildFile; fileRef = C2CDDAD719E1D89E00DD1CBA /* AppKit.framework */; };
		DA1DC01010E59AED005A103B /* Xcproj+CLI.m in Sources */ = {isa = PBXBuildFile; fileRef = DA1DC00E10E59AED005A103B /* Xcproj+CLI.m */; };
/* End PBXBuildFile section */

/* Begin PBXContainerItemProxy section */
		4AC1757E1C9B9FB300005FE7 /* PBXContainerItemProxy */ = {
			isa = PBXContainerItemProxy;
			containerPortal = 08FB7793FE84155DC02AAC07 /* Project object */;
			proxyType = 1;
			remoteGlobalIDString = 4AC1756F1C9B9D9300005FE7;
			remoteInfo = libxcproj;
		};
/* End PBXContainerItemProxy section */

/* Begin PBXCopyFilesBuildPhase section */
		4AC175811C9BA05000005FE7 /* Umbrella Header */ = {
			isa = PBXCopyFilesBuildPhase;
			buildActionMask = 8;
			dstPath = "$(XCPROJ_HEADERS_INSTALL_PATH)";
			dstSubfolderSpec = 0;
			files = (
				4AC175821C9BA09800005FE7 /* Xcproj.h in Umbrella Header */,
			);
			name = "Umbrella Header";
			runOnlyForDeploymentPostprocessing = 1;
		};
		4AC175831C9BA0BC00005FE7 /* DevToolsCore Headers */ = {
			isa = PBXCopyFilesBuildPhase;
			buildActionMask = 8;
			dstPath = "$(XCPROJ_HEADERS_INSTALL_PATH)/DevToolsCore";
			dstSubfolderSpec = 0;
			files = (
				4AC175841C9BA0EA00005FE7 /* DevToolsCore.h in DevToolsCore Headers */,
				4AC175851C9BA0EA00005FE7 /* PBXBuildFile.h in DevToolsCore Headers */,
				4AC175861C9BA0EA00005FE7 /* PBXBuildPhase.h in DevToolsCore Headers */,
				4AC175871C9BA0EA00005FE7 /* PBXBuildStyle.h in DevToolsCore Headers */,
				4AC175881C9BA0EA00005FE7 /* PBXContainer.h in DevToolsCore Headers */,
				4AC175891C9BA0EA00005FE7 /* PBXFileReference.h in DevToolsCore Headers */,
				4AC1758A1C9BA0EA00005FE7 /* PBXGroup.h in DevToolsCore Headers */,
				4AC1758B1C9BA0EA00005FE7 /* PBXProject.h in DevToolsCore Headers */,
				4AC1758C1C9BA0EA00005FE7 /* PBXReference.h in DevToolsCore Headers */,
				4AC1758D1C9BA0EA00005FE7 /* PBXTarget.h in DevToolsCore Headers */,
				4AC1758E1C9BA0EA00005FE7 /* XCBuildConfiguration.h in DevToolsCore Headers */,
				4AC1758F1C9BA0EA00005FE7 /* XCConfigurationList.h in DevToolsCore Headers */,
			);
			name = "DevToolsCore Headers";
			runOnlyForDeploymentPostprocessing = 1;
		};
		4AC175901C9BA0FB00005FE7 /* IDEFoundation Headers */ = {
			isa = PBXCopyFilesBuildPhase;
			buildActionMask = 8;
			dstPath = "$(XCPROJ_HEADERS_INSTALL_PATH)/IDEFoundation";
			dstSubfolderSpec = 0;
			files = (
				4AC175911C9BA11200005FE7 /* IDEBuildParameters.h in IDEFoundation Headers */,
				4AC175921C9BA11200005FE7 /* IDEFoundation.h in IDEFoundation Headers */,
			);
			name = "IDEFoundation Headers";
			runOnlyForDeploymentPostprocessing = 1;
		};
/* End PBXCopyFilesBuildPhase section */

/* Begin PBXFileReference section */
		08FB7796FE84155DC02AAC07 /* main.m */ = {isa = PBXFileReference; fileEncoding = 4; lastKnownFileType = sourcecode.c.objc; name = main.m; path = Sources/main.m; sourceTree = "<group>"; };
		08FB779EFE84155DC02AAC07 /* Foundation.framework */ = {isa = PBXFileReference; lastKnownFileType = wrapper.framework; name = Foundation.framework; path = /System/Library/Frameworks/Foundation.framework; sourceTree = "<absolute>"; };
		32A70AAB03705E1F00C91783 /* xcproj_Prefix.pch */ = {isa = PBXFileReference; fileEncoding = 4; lastKnownFileType = sourcecode.c.h; name = xcproj_Prefix.pch; path = Sources/xcproj_Prefix.pch; sourceTree = "<group>"; };
		4A33ADED1C768EC900AA5AD2 /* Xcproj.h */ = {isa = PBXFileReference; fileEncoding = 4; lastKnownFileType = sourcecode.c.h; name = Xcproj.h; path = Sources/Xcproj.h; sourceTree = "<group>"; };
		4A33ADEE1C768EC900AA5AD2 /* Xcproj.m */ = {isa = PBXFileReference; fileEncoding = 4; lastKnownFileType = sourcecode.c.objc; lineEnding = 0; name = Xcproj.m; path = Sources/Xcproj.m; sourceTree = "<group>"; xcLanguageSpecificationIdentifier = xcode.lang.objc; };
		4AC175701C9B9D9300005FE7 /* libxcproj.a */ = {isa = PBXFileReference; explicitFileType = archive.ar; includeInIndex = 0; path = libxcproj.a; sourceTree = BUILT_PRODUCTS_DIR; };
		8DD76FA10486AA7600D96B5E /* xcproj */ = {isa = PBXFileReference; explicitFileType = "compiled.mach-o.executable"; includeInIndex = 0; path = xcproj; sourceTree = BUILT_PRODUCTS_DIR; };
		C20F5C151A92A57A004ADE6B /* IDEBuildParameters.h */ = {isa = PBXFileReference; lastKnownFileType = sourcecode.c.h; path = IDEBuildParameters.h; sourceTree = "<group>"; };
		C20F5C161A92A5F4004ADE6B /* IDEFoundation.h */ = {isa = PBXFileReference; lastKnownFileType = sourcecode.c.h; path = IDEFoundation.h; sourceTree = "<group>"; };
		C20F5C171A93505D004ADE6B /* PBXBuildStyle.h */ = {isa = PBXFileReference; lastKnownFileType = sourcecode.c.h; path = PBXBuildStyle.h; sourceTree = "<group>"; };
		C215308419DBE040002524A7 /* XMLPlistDecoder.h */ = {isa = PBXFileReference; fileEncoding = 4; lastKnownFileType = sourcecode.c.h; name = XMLPlistDecoder.h; path = Sources/XMLPlistDecoder.h; sourceTree = "<group>"; };
		C215308519DBE040002524A7 /* XMLPlistDecoder.m */ = {isa = PBXFileReference; fileEncoding = 4; lastKnownFileType = sourcecode.c.objc; name = XMLPlistDecoder.m; path = Sources/XMLPlistDecoder.m; sourceTree = "<group>"; };
		C269E98317B3DCCC0099A0C5 /* dd_getopt_long-fbsd.m */ = {isa = PBXFileReference; fileEncoding = 4; lastKnownFileType = sourcecode.c.objc; path = "dd_getopt_long-fbsd.m"; sourceTree = "<group>"; };
		C269E98417B3DCCC0099A0C5 /* DDCliApplication.h */ = {isa = PBXFileReference; fileEncoding = 4; lastKnownFileType = sourcecode.c.h; path = DDCliApplication.h; sourceTree = "<group>"; };
		C269E98517B3DCCC0099A0C5 /* DDCliApplication.m */ = {isa = PBXFileReference; fileEncoding = 4; lastKnownFileType = sourcecode.c.objc; path = DDCliApplication.m; sourceTree = "<group>"; };
		C269E98617B3DCCC0099A0C5 /* DDCliParseException.h */ = {isa = PBXFileReference; fileEncoding = 4; lastKnownFileType = sourcecode.c.h; path = DDCliParseException.h; sourceTree = "<group>"; };
		C269E98717B3DCCC0099A0C5 /* DDCliParseException.m */ = {isa = PBXFileReference; fileEncoding = 4; lastKnownFileType = sourcecode.c.objc; path = DDCliParseException.m; sourceTree = "<group>"; };
		C269E98817B3DCCC0099A0C5 /* DDCliUtil.h */ = {isa = PBXFileReference; fileEncoding = 4; lastKnownFileType = sourcecode.c.h; path = DDCliUtil.h; sourceTree = "<group>"; };
		C269E98917B3DCCC0099A0C5 /* DDCliUtil.m */ = {isa = PBXFileReference; fileEncoding = 4; lastKnownFileType = sourcecode.c.objc; path = DDCliUtil.m; sourceTree = "<group>"; };
		C269E98A17B3DCCC0099A0C5 /* DDCommandLineInterface.h */ = {isa = PBXFileReference; fileEncoding = 4; lastKnownFileType = sourcecode.c.h; path = DDCommandLineInterface.h; sourceTree = "<group>"; };
		C269E98B17B3DCCC0099A0C5 /* DDGetoptLongParser.h */ = {isa = PBXFileReference; fileEncoding = 4; lastKnownFileType = sourcecode.c.h; path = DDGetoptLongParser.h; sourceTree = "<group>"; };
		C269E98C17B3DCCC0099A0C5 /* DDGetoptLongParser.m */ = {isa = PBXFileReference; fileEncoding = 4; lastKnownFileType = sourcecode.c.objc; path = DDGetoptLongParser.m; sourceTree = "<group>"; };
		C2CDDAD719E1D89E00DD1CBA /* AppKit.framework */ = {isa = PBXFileReference; lastKnownFileType = wrapper.framework; name = AppKit.framework; path = System/Library/Frameworks/AppKit.framework; sourceTree = SDKROOT; };
		DA1DC00E10E59AED005A103B /* Xcproj+CLI.m */ = {isa = PBXFileReference; fileEncoding = 4; lastKnownFileType = sourcecode.c.objc; lineEnding = 0; name = "Xcproj+CLI.m"; path = "Sources/Xcproj+CLI.m"; sourceTree = "<group>"; xcLanguageSpecificationIdentifier = xcode.lang.objc; };
		DA1DC00F10E59AED005A103B /* Xcproj+CLI.h */ = {isa = PBXFileReference; fileEncoding = 4; lastKnownFileType = sourcecode.c.h; name = "Xcproj+CLI.h"; path = "Sources/Xcproj+CLI.h"; sourceTree = "<group>"; };
		DA7A018E134F015F00F89E9B /* PBXContainer.h */ = {isa = PBXFileReference; fileEncoding = 4; lastKnownFileType = sourcecode.c.h; lineEnding = 0; path = PBXContainer.h; sourceTree = "<group>"; xcLanguageSpecificationIdentifier = xcode.lang.objcpp; };
		DA7A018F134F01DE00F89E9B /* PBXGroup.h */ = {isa = PBXFileReference; fileEncoding = 4; lastKnownFileType = sourcecode.c.h; lineEnding = 0; path = PBXGroup.h; sourceTree = "<group>"; xcLanguageSpecificationIdentifier = xcode.lang.objcpp; };
		DA7A0218134F06FF00F89E9B /* PBXReference.h */ = {isa = PBXFileReference; fileEncoding = 4; lastKnownFileType = sourcecode.c.h; path = PBXReference.h; sourceTree = "<group>"; };
		DA7A08AD134F4C1600F89E9B /* PBXFileReference.h */ = {isa = PBXFileReference; fileEncoding = 4; lastKnownFileType = sourcecode.c.h; lineEnding = 0; path = PBXFileReference.h; sourceTree = "<group>"; xcLanguageSpecificationIdentifier = xcode.lang.objcpp; };
		DA7A0D4F135304F000F89E9B /* XCBuildConfiguration.h */ = {isa = PBXFileReference; fileEncoding = 4; lastKnownFileType = sourcecode.c.h; lineEnding = 0; path = XCBuildConfiguration.h; sourceTree = "<group>"; xcLanguageSpecificationIdentifier = xcode.lang.objcpp; };
		DA8C9FFC1302AF93008B3560 /* PBXBuildPhase.h */ = {isa = PBXFileReference; fileEncoding = 4; lastKnownFileType = sourcecode.c.h; lineEnding = 0; path = PBXBuildPhase.h; sourceTree = "<group>"; xcLanguageSpecificationIdentifier = xcode.lang.objcpp; };
		DA8C9FFD1302AF93008B3560 /* PBXProject.h */ = {isa = PBXFileReference; fileEncoding = 4; lastKnownFileType = sourcecode.c.h; lineEnding = 0; path = PBXProject.h; sourceTree = "<group>"; xcLanguageSpecificationIdentifier = xcode.lang.objcpp; };
		DA8C9FFE1302AF93008B3560 /* PBXTarget.h */ = {isa = PBXFileReference; fileEncoding = 4; lastKnownFileType = sourcecode.c.h; path = PBXTarget.h; sourceTree = "<group>"; };
		DA8CA0041302B0D9008B3560 /* DevToolsCore.h */ = {isa = PBXFileReference; fileEncoding = 4; lastKnownFileType = sourcecode.c.h; path = DevToolsCore.h; sourceTree = "<group>"; };
		DA8CA0301302B27C008B3560 /* PBXBuildFile.h */ = {isa = PBXFileReference; fileEncoding = 4; lastKnownFileType = sourcecode.c.h; path = PBXBuildFile.h; sourceTree = "<group>"; };
		DAF6DA9515076749002AFA90 /* XCConfigurationList.h */ = {isa = PBXFileReference; fileEncoding = 4; lastKnownFileType = sourcecode.c.h; lineEnding = 0; path = XCConfigurationList.h; sourceTree = "<group>"; xcLanguageSpecificationIdentifier = xcode.lang.objcpp; };
		DAFF25CA1303ECB100584E0E /* XCDUndocumentedChecker.h */ = {isa = PBXFileReference; fileEncoding = 4; lastKnownFileType = sourcecode.c.h; lineEnding = 0; name = XCDUndocumentedChecker.h; path = Sources/XCDUndocumentedChecker.h; sourceTree = "<group>"; xcLanguageSpecificationIdentifier = xcode.lang.objcpp; };
		DAFF25CB1303ECB100584E0E /* XCDUndocumentedChecker.m */ = {isa = PBXFileReference; fileEncoding = 4; lastKnownFileType = sourcecode.c.objc; lineEnding = 0; name = XCDUndocumentedChecker.m; path = Sources/XCDUndocumentedChecker.m; sourceTree = "<group>"; xcLanguageSpecificationIdentifier = xcode.lang.objc; };
		DAFF2AD913055EF500584E0E /* Info.plist */ = {isa = PBXFileReference; fileEncoding = 4; lastKnownFileType = text.plist.xml; path = Info.plist; sourceTree = "<group>"; };
/* End PBXFileReference section */

/* Begin PBXFrameworksBuildPhase section */
		4AC1756D1C9B9D9300005FE7 /* Frameworks */ = {
			isa = PBXFrameworksBuildPhase;
			buildActionMask = 2147483647;
			files = (
			);
			runOnlyForDeploymentPostprocessing = 0;
		};
		8DD76F9B0486AA7600D96B5E /* Frameworks */ = {
			isa = PBXFrameworksBuildPhase;
			buildActionMask = 2147483647;
			files = (
				C2CDDAD819E1D89E00DD1CBA /* AppKit.framework in Frameworks */,
				8DD76F9C0486AA7600D96B5E /* Foundation.framework in Frameworks */,
				4AC1757D1C9B9FA000005FE7 /* libxcproj.a in Frameworks */,
			);
			runOnlyForDeploymentPostprocessing = 0;
		};
/* End PBXFrameworksBuildPhase section */

/* Begin PBXGroup section */
		08FB7794FE84155DC02AAC07 /* xcproj */ = {
			isa = PBXGroup;
			children = (
				DAFF2AD913055EF500584E0E /* Info.plist */,
				DA8C9FFB1302AF93008B3560 /* DevToolsCore */,
				C20F5C141A92A57A004ADE6B /* IDEFoundation */,
				C269E98117B3DCCC0099A0C5 /* Externals */,
				08FB7795FE84155DC02AAC07 /* Sources */,
				08FB779DFE84155DC02AAC07 /* Frameworks */,
				1AB674ADFE9D54B511CA2CBB /* Products */,
			);
			name = xcproj;
			sourceTree = "<group>";
			usesTabs = 1;
		};
		08FB7795FE84155DC02AAC07 /* Sources */ = {
			isa = PBXGroup;
			children = (
				32A70AAB03705E1F00C91783 /* xcproj_Prefix.pch */,
				08FB7796FE84155DC02AAC07 /* main.m */,
				4A33ADED1C768EC900AA5AD2 /* Xcproj.h */,
				4A33ADEE1C768EC900AA5AD2 /* Xcproj.m */,
				DA1DC00F10E59AED005A103B /* Xcproj+CLI.h */,
				DA1DC00E10E59AED005A103B /* Xcproj+CLI.m */,
				DAFF25CA1303ECB100584E0E /* XCDUndocumentedChecker.h */,
				DAFF25CB1303ECB100584E0E /* XCDUndocumentedChecker.m */,
				C215308419DBE040002524A7 /* XMLPlistDecoder.h */,
				C215308519DBE040002524A7 /* XMLPlistDecoder.m */,
			);
			name = Sources;
			sourceTree = "<group>";
		};
		08FB779DFE84155DC02AAC07 /* Frameworks */ = {
			isa = PBXGroup;
			children = (
				C2CDDAD719E1D89E00DD1CBA /* AppKit.framework */,
				08FB779EFE84155DC02AAC07 /* Foundation.framework */,
			);
			name = Frameworks;
			sourceTree = "<group>";
		};
		1AB674ADFE9D54B511CA2CBB /* Products */ = {
			isa = PBXGroup;
			children = (
				8DD76FA10486AA7600D96B5E /* xcproj */,
				4AC175701C9B9D9300005FE7 /* libxcproj.a */,
			);
			name = Products;
			sourceTree = "<group>";
		};
		C20F5C141A92A57A004ADE6B /* IDEFoundation */ = {
			isa = PBXGroup;
			children = (
				C20F5C151A92A57A004ADE6B /* IDEBuildParameters.h */,
				C20F5C161A92A5F4004ADE6B /* IDEFoundation.h */,
			);
			path = IDEFoundation;
			sourceTree = "<group>";
		};
		C269E98117B3DCCC0099A0C5 /* Externals */ = {
			isa = PBXGroup;
			children = (
				C269E98217B3DCCC0099A0C5 /* ddcli */,
			);
			path = Externals;
			sourceTree = "<group>";
		};
		C269E98217B3DCCC0099A0C5 /* ddcli */ = {
			isa = PBXGroup;
			children = (
				C269E98317B3DCCC0099A0C5 /* dd_getopt_long-fbsd.m */,
				C269E98417B3DCCC0099A0C5 /* DDCliApplication.h */,
				C269E98517B3DCCC0099A0C5 /* DDCliApplication.m */,
				C269E98617B3DCCC0099A0C5 /* DDCliParseException.h */,
				C269E98717B3DCCC0099A0C5 /* DDCliParseException.m */,
				C269E98817B3DCCC0099A0C5 /* DDCliUtil.h */,
				C269E98917B3DCCC0099A0C5 /* DDCliUtil.m */,
				C269E98A17B3DCCC0099A0C5 /* DDCommandLineInterface.h */,
				C269E98B17B3DCCC0099A0C5 /* DDGetoptLongParser.h */,
				C269E98C17B3DCCC0099A0C5 /* DDGetoptLongParser.m */,
			);
			path = ddcli;
			sourceTree = "<group>";
		};
		DA8C9FFB1302AF93008B3560 /* DevToolsCore */ = {
			isa = PBXGroup;
			children = (
				DA8CA0041302B0D9008B3560 /* DevToolsCore.h */,
				DA8CA0301302B27C008B3560 /* PBXBuildFile.h */,
				DA8C9FFC1302AF93008B3560 /* PBXBuildPhase.h */,
				C20F5C171A93505D004ADE6B /* PBXBuildStyle.h */,
				DA7A018E134F015F00F89E9B /* PBXContainer.h */,
				DA7A08AD134F4C1600F89E9B /* PBXFileReference.h */,
				DA7A018F134F01DE00F89E9B /* PBXGroup.h */,
				DA8C9FFD1302AF93008B3560 /* PBXProject.h */,
				DA7A0218134F06FF00F89E9B /* PBXReference.h */,
				DA8C9FFE1302AF93008B3560 /* PBXTarget.h */,
				DA7A0D4F135304F000F89E9B /* XCBuildConfiguration.h */,
				DAF6DA9515076749002AFA90 /* XCConfigurationList.h */,
			);
			path = DevToolsCore;
			sourceTree = "<group>";
		};
/* End PBXGroup section */

/* Begin PBXNativeTarget section */
		4AC1756F1C9B9D9300005FE7 /* libxcproj */ = {
			isa = PBXNativeTarget;
			buildConfigurationList = 4AC175781C9B9D9300005FE7 /* Build configuration list for PBXNativeTarget "libxcproj" */;
			buildPhases = (
				4AC1756C1C9B9D9300005FE7 /* Sources */,
				4AC1756D1C9B9D9300005FE7 /* Frameworks */,
				4AC175811C9BA05000005FE7 /* Umbrella Header */,
				4AC175831C9BA0BC00005FE7 /* DevToolsCore Headers */,
				4AC175901C9BA0FB00005FE7 /* IDEFoundation Headers */,
			);
			buildRules = (
			);
			dependencies = (
			);
			name = libxcproj;
			productName = libxcproj;
			productReference = 4AC175701C9B9D9300005FE7 /* libxcproj.a */;
			productType = "com.apple.product-type.library.static";
		};
		8DD76F960486AA7600D96B5E /* xcproj */ = {
			isa = PBXNativeTarget;
			buildConfigurationList = 1DEB927408733DD40010E9CD /* Build configuration list for PBXNativeTarget "xcproj" */;
			buildPhases = (
				8DD76F990486AA7600D96B5E /* Sources */,
				8DD76F9B0486AA7600D96B5E /* Frameworks */,
			);
			buildRules = (
			);
			dependencies = (
				4AC1757F1C9B9FB300005FE7 /* PBXTargetDependency */,
			);
			name = xcproj;
			productInstallPath = "$(HOME)/bin";
			productName = xcproj;
			productReference = 8DD76FA10486AA7600D96B5E /* xcproj */;
			productType = "com.apple.product-type.tool";
		};
/* End PBXNativeTarget section */

/* Begin PBXProject section */
		08FB7793FE84155DC02AAC07 /* Project object */ = {
			isa = PBXProject;
			attributes = {
				LastUpgradeCheck = 0510;
				ORGANIZATIONNAME = "Cédric Luthi";
				TargetAttributes = {
					4AC1756F1C9B9D9300005FE7 = {
						CreatedOnToolsVersion = 7.3;
					};
				};
			};
			buildConfigurationList = 1DEB927808733DD40010E9CD /* Build configuration list for PBXProject "xcproj" */;
			compatibilityVersion = "Xcode 3.2";
			developmentRegion = English;
			hasScannedForEncodings = 1;
			knownRegions = (
				English,
				Japanese,
				French,
				German,
			);
			mainGroup = 08FB7794FE84155DC02AAC07 /* xcproj */;
			projectDirPath = "";
			projectRoot = "";
			targets = (
				8DD76F960486AA7600D96B5E /* xcproj */,
				4AC1756F1C9B9D9300005FE7 /* libxcproj */,
			);
		};
/* End PBXProject section */

/* Begin PBXSourcesBuildPhase section */
		4AC1756C1C9B9D9300005FE7 /* Sources */ = {
			isa = PBXSourcesBuildPhase;
			buildActionMask = 2147483647;
			files = (
				4AC1757A1C9B9E9C00005FE7 /* XCDUndocumentedChecker.m in Sources */,
				4AC1757B1C9B9E9F00005FE7 /* XMLPlistDecoder.m in Sources */,
				4AC175791C9B9E9800005FE7 /* Xcproj.m in Sources */,
			);
			runOnlyForDeploymentPostprocessing = 0;
		};
		8DD76F990486AA7600D96B5E /* Sources */ = {
			isa = PBXSourcesBuildPhase;
			buildActionMask = 2147483647;
			files = (
				C269E98D17B3DCCC0099A0C5 /* dd_getopt_long-fbsd.m in Sources */,
				8DD76F9A0486AA7600D96B5E /* main.m in Sources */,
				DA1DC01010E59AED005A103B /* Xcproj+CLI.m in Sources */,
				C269E98E17B3DCCC0099A0C5 /* DDCliApplication.m in Sources */,
				C269E99017B3DCCC0099A0C5 /* DDCliUtil.m in Sources */,
				C269E99117B3DCCC0099A0C5 /* DDGetoptLongParser.m in Sources */,
				C269E98F17B3DCCC0099A0C5 /* DDCliParseException.m in Sources */,
			);
			runOnlyForDeploymentPostprocessing = 0;
		};
/* End PBXSourcesBuildPhase section */

/* Begin PBXTargetDependency section */
		4AC1757F1C9B9FB300005FE7 /* PBXTargetDependency */ = {
			isa = PBXTargetDependency;
			target = 4AC1756F1C9B9D9300005FE7 /* libxcproj */;
			targetProxy = 4AC1757E1C9B9FB300005FE7 /* PBXContainerItemProxy */;
		};
/* End PBXTargetDependency section */

/* Begin XCBuildConfiguration section */
		1DEB927508733DD40010E9CD /* Debug */ = {
			isa = XCBuildConfiguration;
			buildSettings = {
				ALWAYS_SEARCH_USER_PATHS = NO;
				CLANG_ENABLE_OBJC_ARC = YES;
				COPY_PHASE_STRIP = NO;
				CREATE_INFOPLIST_SECTION_IN_BINARY = YES;
				GCC_DYNAMIC_NO_PIC = NO;
				GCC_OPTIMIZATION_LEVEL = 0;
				GCC_PRECOMPILE_PREFIX_HEADER = YES;
				GCC_PREFIX_HEADER = Sources/xcproj_Prefix.pch;
				INFOPLIST_FILE = Info.plist;
				PRODUCT_NAME = xcproj;
			};
			name = Debug;
		};
		1DEB927608733DD40010E9CD /* Release */ = {
			isa = XCBuildConfiguration;
			buildSettings = {
				ALWAYS_SEARCH_USER_PATHS = NO;
				CLANG_ENABLE_OBJC_ARC = YES;
				CREATE_INFOPLIST_SECTION_IN_BINARY = YES;
				DEBUG_INFORMATION_FORMAT = "dwarf-with-dsym";
				DEPLOYMENT_POSTPROCESSING = YES;
				GCC_PRECOMPILE_PREFIX_HEADER = YES;
				GCC_PREFIX_HEADER = Sources/xcproj_Prefix.pch;
				INFOPLIST_FILE = Info.plist;
				PRODUCT_NAME = xcproj;
			};
			name = Release;
		};
		1DEB927908733DD40010E9CD /* Debug */ = {
			isa = XCBuildConfiguration;
			buildSettings = {
				GCC_C_LANGUAGE_STANDARD = c99;
				GCC_OPTIMIZATION_LEVEL = 0;
				GCC_WARN_ABOUT_RETURN_TYPE = YES;
				GCC_WARN_UNUSED_VARIABLE = YES;
				HEADER_SEARCH_PATHS = "\"$(SRCROOT)\"";
				MACOSX_DEPLOYMENT_TARGET = 10.8;
				ONLY_ACTIVE_ARCH = YES;
				SDKROOT = macosx;
				WARNING_CFLAGS = "-Wno-arc-performSelector-leaks";
			};
			name = Debug;
		};
		1DEB927A08733DD40010E9CD /* Release */ = {
			isa = XCBuildConfiguration;
			buildSettings = {
				GCC_C_LANGUAGE_STANDARD = c99;
				GCC_WARN_ABOUT_RETURN_TYPE = YES;
				GCC_WARN_UNUSED_VARIABLE = YES;
				HEADER_SEARCH_PATHS = "\"$(SRCROOT)\"";
				MACOSX_DEPLOYMENT_TARGET = 10.8;
				SDKROOT = macosx;
				WARNING_CFLAGS = "-Wno-arc-performSelector-leaks";
			};
			name = Release;
		};
		4AC175761C9B9D9300005FE7 /* Debug */ = {
			isa = XCBuildConfiguration;
			buildSettings = {
				ALWAYS_SEARCH_USER_PATHS = NO;
				CLANG_ANALYZER_NONNULL = YES;
				CLANG_CXX_LANGUAGE_STANDARD = "gnu++0x";
				CLANG_CXX_LIBRARY = "libc++";
				CLANG_ENABLE_MODULES = YES;
				CLANG_ENABLE_OBJC_ARC = YES;
				CLANG_WARN_BOOL_CONVERSION = YES;
				CLANG_WARN_CONSTANT_CONVERSION = YES;
				CLANG_WARN_DIRECT_OBJC_ISA_USAGE = YES_ERROR;
				CLANG_WARN_EMPTY_BODY = YES;
				CLANG_WARN_ENUM_CONVERSION = YES;
				CLANG_WARN_INT_CONVERSION = YES;
				CLANG_WARN_OBJC_ROOT_CLASS = YES_ERROR;
				CLANG_WARN_UNREACHABLE_CODE = YES;
				CLANG_WARN__DUPLICATE_METHOD_MATCH = YES;
				CODE_SIGN_IDENTITY = "-";
				COPY_PHASE_STRIP = NO;
				DEBUG_INFORMATION_FORMAT = dwarf;
				DSTROOT = "/tmp/$(PROJECT_NAME).dst/usr/local";
				ENABLE_STRICT_OBJC_MSGSEND = YES;
				ENABLE_TESTABILITY = YES;
				GCC_C_LANGUAGE_STANDARD = gnu99;
				GCC_DYNAMIC_NO_PIC = NO;
				GCC_NO_COMMON_BLOCKS = YES;
				GCC_PREPROCESSOR_DEFINITIONS = (
					"DEBUG=1",
					"$(inherited)",
				);
				GCC_WARN_64_TO_32_BIT_CONVERSION = YES;
				GCC_WARN_ABOUT_RETURN_TYPE = YES_ERROR;
				GCC_WARN_UNINITIALIZED_AUTOS = YES_AGGRESSIVE;
				GCC_WARN_UNUSED_FUNCTION = YES;
				INSTALL_PATH = /lib;
				MTL_ENABLE_DEBUG_INFO = YES;
				PRODUCT_NAME = xcproj;
				XCPROJ_HEADERS_INSTALL_PATH = "$(INSTALL_PATH)/../include/xcproj";
			};
			name = Debug;
		};
		4AC175771C9B9D9300005FE7 /* Release */ = {
			isa = XCBuildConfiguration;
			buildSettings = {
				ALWAYS_SEARCH_USER_PATHS = NO;
				CLANG_ANALYZER_NONNULL = YES;
				CLANG_CXX_LANGUAGE_STANDARD = "gnu++0x";
				CLANG_CXX_LIBRARY = "libc++";
				CLANG_ENABLE_MODULES = YES;
				CLANG_ENABLE_OBJC_ARC = YES;
				CLANG_WARN_BOOL_CONVERSION = YES;
				CLANG_WARN_CONSTANT_CONVERSION = YES;
				CLANG_WARN_DIRECT_OBJC_ISA_USAGE = YES_ERROR;
				CLANG_WARN_EMPTY_BODY = YES;
				CLANG_WARN_ENUM_CONVERSION = YES;
				CLANG_WARN_INT_CONVERSION = YES;
				CLANG_WARN_OBJC_ROOT_CLASS = YES_ERROR;
				CLANG_WARN_UNREACHABLE_CODE = YES;
				CLANG_WARN__DUPLICATE_METHOD_MATCH = YES;
				CODE_SIGN_IDENTITY = "-";
				COPY_PHASE_STRIP = NO;
				DEBUG_INFORMATION_FORMAT = "dwarf-with-dsym";
				DSTROOT = "/tmp/$(PROJECT_NAME).dst/usr/local";
				ENABLE_NS_ASSERTIONS = NO;
				ENABLE_STRICT_OBJC_MSGSEND = YES;
				GCC_C_LANGUAGE_STANDARD = gnu99;
				GCC_NO_COMMON_BLOCKS = YES;
				GCC_WARN_64_TO_32_BIT_CONVERSION = YES;
				GCC_WARN_ABOUT_RETURN_TYPE = YES_ERROR;
				GCC_WARN_UNINITIALIZED_AUTOS = YES_AGGRESSIVE;
				GCC_WARN_UNUSED_FUNCTION = YES;
				INSTALL_PATH = /lib;
				MTL_ENABLE_DEBUG_INFO = NO;
				PRODUCT_NAME = xcproj;
				XCPROJ_HEADERS_INSTALL_PATH = "$(INSTALL_PATH)/../include/xcproj";
			};
			name = Release;
		};
/* End XCBuildConfiguration section */

/* Begin XCConfigurationList section */
		1DEB927408733DD40010E9CD /* Build configuration list for PBXNativeTarget "xcproj" */ = {
			isa = XCConfigurationList;
			buildConfigurations = (
				1DEB927508733DD40010E9CD /* Debug */,
				1DEB927608733DD40010E9CD /* Release */,
			);
			defaultConfigurationIsVisible = 0;
			defaultConfigurationName = Release;
		};
		1DEB927808733DD40010E9CD /* Build configuration list for PBXProject "xcproj" */ = {
			isa = XCConfigurationList;
			buildConfigurations = (
				1DEB927908733DD40010E9CD /* Debug */,
				1DEB927A08733DD40010E9CD /* Release */,
			);
			defaultConfigurationIsVisible = 0;
			defaultConfigurationName = Release;
		};
		4AC175781C9B9D9300005FE7 /* Build configuration list for PBXNativeTarget "libxcproj" */ = {
			isa = XCConfigurationList;
			buildConfigurations = (
				4AC175761C9B9D9300005FE7 /* Debug */,
				4AC175771C9B9D9300005FE7 /* Release */,
			);
			defaultConfigurationIsVisible = 0;
			defaultConfigurationName = Release;
		};
/* End XCConfigurationList section */
	};
	rootObject = 08FB7793FE84155DC02AAC07 /* Project object */;
}
